
Microsoft Visual Studio Solution File, Format Version 12.00
# Visual Studio Express 15 for Windows Desktop
VisualStudioVersion = 15.0.34031.82
MinimumVisualStudioVersion = 10.0.40219.1
Project("{FAE04EC0-301F-11D3-BF4B-00C04F79EFBC}") = "SampleSql", "SampleSql\SampleSql.csproj", "{9D7789F4-73CA-4D01-BC7E-35B6B4F1AE30}"
EndProject
Global
	GlobalSection(SolutionConfigurationPlatforms) = preSolution
		Debug|Any CPU = Debug|Any CPU
		Release|Any CPU = Release|Any CPU
	EndGlobalSection
	GlobalSection(ProjectConfigurationPlatforms) = postSolution
		{9D7789F4-73CA-4D01-BC7E-35B6B4F1AE30}.Debug|Any CPU.ActiveCfg = Debug|Any CPU
		{9D7789F4-73CA-4D01-BC7E-35B6B4F1AE30}.Debug|Any CPU.Build.0 = Debug|Any CPU
		{9D7789F4-73CA-4D01-BC7E-35B6B4F1AE30}.Release|Any CPU.ActiveCfg = Release|Any CPU
		{9D7789F4-73CA-4D01-BC7E-35B6B4F1AE30}.Release|Any CPU.Build.0 = Release|Any CPU
	EndGlobalSection
	GlobalSection(SolutionProperties) = preSolution
		HideSolutionNode = FALSE
	EndGlobalSection
	GlobalSection(ExtensibilityGlobals) = postSolution
		SolutionGuid = {9D20AC3C-0AB1-46B3-AF6C-82C392A56939}
	EndGlobalSection
EndGlobal
